
Microsoft Visual Studio Solution File, Format Version 12.00
# Visual Studio Version 16
VisualStudioVersion = 16.0.30611.23
MinimumVisualStudioVersion = 10.0.40219.1
Project("{FAE04EC0-301F-11D3-BF4B-00C04F79EFBC}") = "Sarrum", "Sarrum\Sarrum.csproj", "{88E2BE5C-CCAE-4776-B335-E493674B4972}"
EndProject
Global
	GlobalSection(SolutionConfigurationPlatforms) = preSolution
		Debug|Any CPU = Debug|Any CPU
		Release|Any CPU = Release|Any CPU
	EndGlobalSection
	GlobalSection(ProjectConfigurationPlatforms) = postSolution
		{88E2BE5C-CCAE-4776-B335-E493674B4972}.Debug|Any CPU.ActiveCfg = Debug|Any CPU
		{88E2BE5C-CCAE-4776-B335-E493674B4972}.Debug|Any CPU.Build.0 = Debug|Any CPU
		{88E2BE5C-CCAE-4776-B335-E493674B4972}.Release|Any CPU.ActiveCfg = Release|Any CPU
		{88E2BE5C-CCAE-4776-B335-E493674B4972}.Release|Any CPU.Build.0 = Release|Any CPU
	EndGlobalSection
	GlobalSection(SolutionProperties) = preSolution
		HideSolutionNode = FALSE
	EndGlobalSection
	GlobalSection(ExtensibilityGlobals) = postSolution
		SolutionGuid = {7FCC4623-09B7-4405-AAC5-9BEA22752F9B}
	EndGlobalSection
EndGlobal
